{
  "name": "brisa",
  "version": "0.0.6",
  "lockfileVersion": 2,
  "requires": true,
  "packages": {
    "": {
      "name": "brisa",
      "version": "0.0.6",
      "license": "MIT",
      "dependencies": {
        "astring": "1.8.6",
        "esprima": "4.0.1"
      },
      "bin": {
        "brisa": "cli.sh",
        "create-brisa-app": "create-brisa-app.sh"
      },
      "devDependencies": {
        "@happy-dom/global-registrator": "12.8.0",
        "@types/esprima": "^4.0.4",
        "brisa": "0.0.6",
        "bun-types": "1.0.4-canary.20231004T140131"
      },
      "peerDependencies": {
        "typescript": "5.2.2"
      }
    },
    "node_modules/@happy-dom/global-registrator": {
      "version": "12.8.0",
      "dev": true,
      "license": "MIT",
      "dependencies": {
        "happy-dom": "12.8.0"
      }
    },
    "node_modules/@types/esprima": {
      "version": "4.0.4",
      "resolved": "https://registry.npmjs.org/@types/esprima/-/esprima-4.0.4.tgz",
      "integrity": "sha512-eW0MCuRrJC8tgsmzvOiMBsvTiStAkpWz/wgsc+q6RMgChb6x/0jhPQ0F1Oi0RdDheGDT60Jq0y+aCwUrC3uwww==",
      "dev": true,
      "dependencies": {
        "@types/estree": "*"
      }
    },
    "node_modules/@types/estree": {
      "version": "1.0.2",
      "resolved": "https://registry.npmjs.org/@types/estree/-/estree-1.0.2.tgz",
      "integrity": "sha512-VeiPZ9MMwXjO32/Xu7+OwflfmeoRwkE/qzndw42gGtgJwZopBnzy2gD//NN1+go1mADzkDcqf/KnFRSjTJ8xJA==",
      "dev": true
    },
    "node_modules/astring": {
      "version": "1.8.6",
      "license": "MIT",
      "bin": {
        "astring": "bin/astring"
      }
    },
    "node_modules/brisa": {
      "version": "0.0.6",
      "dev": true,
      "license": "MIT",
      "bin": {
        "brisa": "cli.sh",
        "create-brisa-app": "create-brisa-app.sh"
      },
      "peerDependencies": {
        "typescript": "5.2.2"
      }
    },
    "node_modules/bun-types": {
      "version": "1.0.4-canary.20231004T140131",
      "dev": true
    },
    "node_modules/css.escape": {
      "version": "1.5.1",
      "dev": true,
      "license": "MIT"
    },
    "node_modules/entities": {
      "version": "4.5.0",
      "dev": true,
      "license": "BSD-2-Clause",
      "engines": {
        "node": ">=0.12"
      },
      "funding": {
        "url": "https://github.com/fb55/entities?sponsor=1"
      }
    },
    "node_modules/esprima": {
      "version": "4.0.1",
      "license": "BSD-2-Clause",
      "bin": {
        "esparse": "bin/esparse.js",
        "esvalidate": "bin/esvalidate.js"
      },
      "engines": {
        "node": ">=4"
      }
    },
    "node_modules/happy-dom": {
      "version": "12.8.0",
      "dev": true,
      "license": "MIT",
      "dependencies": {
        "css.escape": "^1.5.1",
        "entities": "^4.5.0",
        "iconv-lite": "^0.6.3",
        "webidl-conversions": "^7.0.0",
        "whatwg-encoding": "^2.0.0",
        "whatwg-mimetype": "^3.0.0"
      }
    },
    "node_modules/iconv-lite": {
      "version": "0.6.3",
      "dev": true,
      "license": "MIT",
      "dependencies": {
        "safer-buffer": ">= 2.1.2 < 3.0.0"
      },
      "engines": {
        "node": ">=0.10.0"
      }
    },
    "node_modules/safer-buffer": {
      "version": "2.1.2",
      "dev": true,
      "license": "MIT"
    },
    "node_modules/typescript": {
      "version": "5.2.2",
      "resolved": "https://registry.npmjs.org/typescript/-/typescript-5.2.2.tgz",
      "integrity": "sha512-mI4WrpHsbCIcwT9cF4FZvr80QUeKvsUsUvKDoR+X/7XHQH98xYD8YHZg7ANtz2GtZt/CBq2QJ0thkGJMHfqc1w==",
      "peer": true,
      "bin": {
        "tsc": "bin/tsc",
        "tsserver": "bin/tsserver"
      },
      "engines": {
        "node": ">=14.17"
      }
    },
    "node_modules/webidl-conversions": {
      "version": "7.0.0",
      "dev": true,
      "license": "BSD-2-Clause",
      "engines": {
        "node": ">=12"
      }
    },
    "node_modules/whatwg-encoding": {
      "version": "2.0.0",
      "dev": true,
      "license": "MIT",
      "dependencies": {
        "iconv-lite": "0.6.3"
      },
      "engines": {
        "node": ">=12"
      }
    },
    "node_modules/whatwg-mimetype": {
      "version": "3.0.0",
      "dev": true,
      "license": "MIT",
      "engines": {
        "node": ">=12"
      }
    }
  },
  "dependencies": {
    "@happy-dom/global-registrator": {
      "version": "12.8.0",
      "dev": true,
      "requires": {
        "happy-dom": "12.8.0"
      }
    },
    "@types/esprima": {
      "version": "4.0.4",
      "resolved": "https://registry.npmjs.org/@types/esprima/-/esprima-4.0.4.tgz",
      "integrity": "sha512-eW0MCuRrJC8tgsmzvOiMBsvTiStAkpWz/wgsc+q6RMgChb6x/0jhPQ0F1Oi0RdDheGDT60Jq0y+aCwUrC3uwww==",
      "dev": true,
      "requires": {
        "@types/estree": "*"
      }
    },
    "@types/estree": {
      "version": "1.0.2",
      "resolved": "https://registry.npmjs.org/@types/estree/-/estree-1.0.2.tgz",
      "integrity": "sha512-VeiPZ9MMwXjO32/Xu7+OwflfmeoRwkE/qzndw42gGtgJwZopBnzy2gD//NN1+go1mADzkDcqf/KnFRSjTJ8xJA==",
      "dev": true
    },
    "astring": {
      "version": "1.8.6"
    },
    "brisa": {
      "version": "0.0.6",
      "dev": true,
      "requires": {}
    },
    "bun-types": {
      "version": "1.0.4-canary.20231004T140131",
      "dev": true
    },
    "css.escape": {
      "version": "1.5.1",
      "dev": true
    },
    "entities": {
      "version": "4.5.0",
      "dev": true
    },
    "esprima": {
      "version": "4.0.1"
    },
    "happy-dom": {
      "version": "12.8.0",
      "dev": true,
      "requires": {
        "css.escape": "^1.5.1",
        "entities": "^4.5.0",
        "iconv-lite": "^0.6.3",
        "webidl-conversions": "^7.0.0",
        "whatwg-encoding": "^2.0.0",
        "whatwg-mimetype": "^3.0.0"
      }
    },
    "iconv-lite": {
      "version": "0.6.3",
      "dev": true,
      "requires": {
        "safer-buffer": ">= 2.1.2 < 3.0.0"
      }
    },
    "safer-buffer": {
      "version": "2.1.2",
      "dev": true
    },
    "typescript": {
      "version": "5.2.2",
      "resolved": "https://registry.npmjs.org/typescript/-/typescript-5.2.2.tgz",
      "integrity": "sha512-mI4WrpHsbCIcwT9cF4FZvr80QUeKvsUsUvKDoR+X/7XHQH98xYD8YHZg7ANtz2GtZt/CBq2QJ0thkGJMHfqc1w==",
      "peer": true
    },
    "webidl-conversions": {
      "version": "7.0.0",
      "dev": true
    },
    "whatwg-encoding": {
      "version": "2.0.0",
      "dev": true,
      "requires": {
        "iconv-lite": "0.6.3"
      }
    },
    "whatwg-mimetype": {
      "version": "3.0.0",
      "dev": true
    }
  }
}
